
Microsoft Visual Studio Solution File, Format Version 12.00
# Visual Studio Version 17
VisualStudioVersion = 17.0.31903.59
MinimumVisualStudioVersion = 10.0.40219.1
Project("{8BC9CEB8-8B4A-11D0-8D11-00A0C91BC942}") = "HelloWorld", "HelloWorld.vcxproj", "{BB1F023C-2B88-4DCE-B4E2-7663EC6C27BD}"
EndProject
Project("{8BC9CEB8-8B4A-11D0-8D11-00A0C91BC942}") = "JumpInstruction", "..\JumpInstruction\JumpInstruction.vcxproj", "{EA2BCE6D-E24D-4BB2-9AEE-92B6ACB7DD15}"
EndProject
Project("{8BC9CEB8-8B4A-11D0-8D11-00A0C91BC942}") = "0IntoEAX", "..\0IntoEAX\0IntoEAX.vcxproj", "{30CDD97F-57DB-4FDA-9248-834954F02B77}"
EndProject
Project("{8BC9CEB8-8B4A-11D0-8D11-00A0C91BC942}") = "ForInstruction", "..\ForInstruction\ForInstruction.vcxproj", "{B7CA3BE3-B0AB-405C-A5B5-5C4AC30C0A66}"
EndProject
Project("{8BC9CEB8-8B4A-11D0-8D11-00A0C91BC942}") = "PrintAlphabet", "..\PrintAlphabet\PrintAlphabet.vcxproj", "{03EC07D4-A19D-4958-B33F-89278A7E457F}"
EndProject
Project("{8BC9CEB8-8B4A-11D0-8D11-00A0C91BC942}") = "Exchange", "..\Exchange\Exchange.vcxproj", "{4819964B-FD89-4081-A4DF-51793D4B54BF}"
EndProject
Project("{8BC9CEB8-8B4A-11D0-8D11-00A0C91BC942}") = "Fibonacci", "..\Fibonacci\Fibonacci.vcxproj", "{47A1A3FC-578D-41DB-989F-E78120F2AFAC}"
EndProject
Project("{8BC9CEB8-8B4A-11D0-8D11-00A0C91BC942}") = "Temperature Conversion", "..\Temperature Conversion\Temperature Conversion.vcxproj", "{A93F0192-F32C-46AA-B0ED-294BF2750325}"
EndProject
Project("{8BC9CEB8-8B4A-11D0-8D11-00A0C91BC942}") = "Fibonacci Loop Instruction", "..\Fibonacci Loop Instruction\Fibonacci Loop Instruction.vcxproj", "{F31663E0-C8A6-4C5E-AA36-BE1A8056A6DE}"
EndProject
Project("{8BC9CEB8-8B4A-11D0-8D11-00A0C91BC942}") = "PrintLine", "..\PrintLine\PrintLine.vcxproj", "{8006BFA5-FED7-4011-B737-6757F35DCCF7}"
EndProject
Project("{8BC9CEB8-8B4A-11D0-8D11-00A0C91BC942}") = "CSC225 Project", "..\CSC225 Project\CSC225 Project.vcxproj", "{D34F92DA-4DF3-49F8-9D1C-440AB9E38F71}"
EndProject
Global
	GlobalSection(SolutionConfigurationPlatforms) = preSolution
		Debug|x64 = Debug|x64
		Debug|x86 = Debug|x86
		Release|x64 = Release|x64
		Release|x86 = Release|x86
	EndGlobalSection
	GlobalSection(ProjectConfigurationPlatforms) = postSolution
		{BB1F023C-2B88-4DCE-B4E2-7663EC6C27BD}.Debug|x64.ActiveCfg = Debug|x64
		{BB1F023C-2B88-4DCE-B4E2-7663EC6C27BD}.Debug|x64.Build.0 = Debug|x64
		{BB1F023C-2B88-4DCE-B4E2-7663EC6C27BD}.Debug|x86.ActiveCfg = Debug|Win32
		{BB1F023C-2B88-4DCE-B4E2-7663EC6C27BD}.Debug|x86.Build.0 = Debug|Win32
		{BB1F023C-2B88-4DCE-B4E2-7663EC6C27BD}.Release|x64.ActiveCfg = Release|x64
		{BB1F023C-2B88-4DCE-B4E2-7663EC6C27BD}.Release|x64.Build.0 = Release|x64
		{BB1F023C-2B88-4DCE-B4E2-7663EC6C27BD}.Release|x86.ActiveCfg = Release|Win32
		{BB1F023C-2B88-4DCE-B4E2-7663EC6C27BD}.Release|x86.Build.0 = Release|Win32
		{EA2BCE6D-E24D-4BB2-9AEE-92B6ACB7DD15}.Debug|x64.ActiveCfg = Debug|x64
		{EA2BCE6D-E24D-4BB2-9AEE-92B6ACB7DD15}.Debug|x64.Build.0 = Debug|x64
		{EA2BCE6D-E24D-4BB2-9AEE-92B6ACB7DD15}.Debug|x86.ActiveCfg = Debug|Win32
		{EA2BCE6D-E24D-4BB2-9AEE-92B6ACB7DD15}.Debug|x86.Build.0 = Debug|Win32
		{EA2BCE6D-E24D-4BB2-9AEE-92B6ACB7DD15}.Release|x64.ActiveCfg = Release|x64
		{EA2BCE6D-E24D-4BB2-9AEE-92B6ACB7DD15}.Release|x64.Build.0 = Release|x64
		{EA2BCE6D-E24D-4BB2-9AEE-92B6ACB7DD15}.Release|x86.ActiveCfg = Release|Win32
		{EA2BCE6D-E24D-4BB2-9AEE-92B6ACB7DD15}.Release|x86.Build.0 = Release|Win32
		{30CDD97F-57DB-4FDA-9248-834954F02B77}.Debug|x64.ActiveCfg = Debug|x64
		{30CDD97F-57DB-4FDA-9248-834954F02B77}.Debug|x64.Build.0 = Debug|x64
		{30CDD97F-57DB-4FDA-9248-834954F02B77}.Debug|x86.ActiveCfg = Debug|Win32
		{30CDD97F-57DB-4FDA-9248-834954F02B77}.Debug|x86.Build.0 = Debug|Win32
		{30CDD97F-57DB-4FDA-9248-834954F02B77}.Release|x64.ActiveCfg = Release|x64
		{30CDD97F-57DB-4FDA-9248-834954F02B77}.Release|x64.Build.0 = Release|x64
		{30CDD97F-57DB-4FDA-9248-834954F02B77}.Release|x86.ActiveCfg = Release|Win32
		{30CDD97F-57DB-4FDA-9248-834954F02B77}.Release|x86.Build.0 = Release|Win32
		{B7CA3BE3-B0AB-405C-A5B5-5C4AC30C0A66}.Debug|x64.ActiveCfg = Debug|x64
		{B7CA3BE3-B0AB-405C-A5B5-5C4AC30C0A66}.Debug|x64.Build.0 = Debug|x64
		{B7CA3BE3-B0AB-405C-A5B5-5C4AC30C0A66}.Debug|x86.ActiveCfg = Debug|Win32
		{B7CA3BE3-B0AB-405C-A5B5-5C4AC30C0A66}.Debug|x86.Build.0 = Debug|Win32
		{B7CA3BE3-B0AB-405C-A5B5-5C4AC30C0A66}.Release|x64.ActiveCfg = Release|x64
		{B7CA3BE3-B0AB-405C-A5B5-5C4AC30C0A66}.Release|x64.Build.0 = Release|x64
		{B7CA3BE3-B0AB-405C-A5B5-5C4AC30C0A66}.Release|x86.ActiveCfg = Release|Win32
		{B7CA3BE3-B0AB-405C-A5B5-5C4AC30C0A66}.Release|x86.Build.0 = Release|Win32
		{03EC07D4-A19D-4958-B33F-89278A7E457F}.Debug|x64.ActiveCfg = Debug|x64
		{03EC07D4-A19D-4958-B33F-89278A7E457F}.Debug|x64.Build.0 = Debug|x64
		{03EC07D4-A19D-4958-B33F-89278A7E457F}.Debug|x86.ActiveCfg = Debug|Win32
		{03EC07D4-A19D-4958-B33F-89278A7E457F}.Debug|x86.Build.0 = Debug|Win32
		{03EC07D4-A19D-4958-B33F-89278A7E457F}.Release|x64.ActiveCfg = Release|x64
		{03EC07D4-A19D-4958-B33F-89278A7E457F}.Release|x64.Build.0 = Release|x64
		{03EC07D4-A19D-4958-B33F-89278A7E457F}.Release|x86.ActiveCfg = Release|Win32
		{03EC07D4-A19D-4958-B33F-89278A7E457F}.Release|x86.Build.0 = Release|Win32
		{4819964B-FD89-4081-A4DF-51793D4B54BF}.Debug|x64.ActiveCfg = Debug|x64
		{4819964B-FD89-4081-A4DF-51793D4B54BF}.Debug|x64.Build.0 = Debug|x64
		{4819964B-FD89-4081-A4DF-51793D4B54BF}.Debug|x86.ActiveCfg = Debug|Win32
		{4819964B-FD89-4081-A4DF-51793D4B54BF}.Debug|x86.Build.0 = Debug|Win32
		{4819964B-FD89-4081-A4DF-51793D4B54BF}.Release|x64.ActiveCfg = Release|x64
		{4819964B-FD89-4081-A4DF-51793D4B54BF}.Release|x64.Build.0 = Release|x64
		{4819964B-FD89-4081-A4DF-51793D4B54BF}.Release|x86.ActiveCfg = Release|Win32
		{4819964B-FD89-4081-A4DF-51793D4B54BF}.Release|x86.Build.0 = Release|Win32
		{47A1A3FC-578D-41DB-989F-E78120F2AFAC}.Debug|x64.ActiveCfg = Debug|x64
		{47A1A3FC-578D-41DB-989F-E78120F2AFAC}.Debug|x64.Build.0 = Debug|x64
		{47A1A3FC-578D-41DB-989F-E78120F2AFAC}.Debug|x86.ActiveCfg = Debug|Win32
		{47A1A3FC-578D-41DB-989F-E78120F2AFAC}.Debug|x86.Build.0 = Debug|Win32
		{47A1A3FC-578D-41DB-989F-E78120F2AFAC}.Release|x64.ActiveCfg = Release|x64
		{47A1A3FC-578D-41DB-989F-E78120F2AFAC}.Release|x64.Build.0 = Release|x64
		{47A1A3FC-578D-41DB-989F-E78120F2AFAC}.Release|x86.ActiveCfg = Release|Win32
		{47A1A3FC-578D-41DB-989F-E78120F2AFAC}.Release|x86.Build.0 = Release|Win32
		{A93F0192-F32C-46AA-B0ED-294BF2750325}.Debug|x64.ActiveCfg = Debug|x64
		{A93F0192-F32C-46AA-B0ED-294BF2750325}.Debug|x64.Build.0 = Debug|x64
		{A93F0192-F32C-46AA-B0ED-294BF2750325}.Debug|x86.ActiveCfg = Debug|Win32
		{A93F0192-F32C-46AA-B0ED-294BF2750325}.Debug|x86.Build.0 = Debug|Win32
		{A93F0192-F32C-46AA-B0ED-294BF2750325}.Release|x64.ActiveCfg = Release|x64
		{A93F0192-F32C-46AA-B0ED-294BF2750325}.Release|x64.Build.0 = Release|x64
		{A93F0192-F32C-46AA-B0ED-294BF2750325}.Release|x86.ActiveCfg = Release|Win32
		{A93F0192-F32C-46AA-B0ED-294BF2750325}.Release|x86.Build.0 = Release|Win32
		{F31663E0-C8A6-4C5E-AA36-BE1A8056A6DE}.Debug|x64.ActiveCfg = Debug|x64
		{F31663E0-C8A6-4C5E-AA36-BE1A8056A6DE}.Debug|x64.Build.0 = Debug|x64
		{F31663E0-C8A6-4C5E-AA36-BE1A8056A6DE}.Debug|x86.ActiveCfg = Debug|Win32
		{F31663E0-C8A6-4C5E-AA36-BE1A8056A6DE}.Debug|x86.Build.0 = Debug|Win32
		{F31663E0-C8A6-4C5E-AA36-BE1A8056A6DE}.Release|x64.ActiveCfg = Release|x64
		{F31663E0-C8A6-4C5E-AA36-BE1A8056A6DE}.Release|x64.Build.0 = Release|x64
		{F31663E0-C8A6-4C5E-AA36-BE1A8056A6DE}.Release|x86.ActiveCfg = Release|Win32
		{F31663E0-C8A6-4C5E-AA36-BE1A8056A6DE}.Release|x86.Build.0 = Release|Win32
		{8006BFA5-FED7-4011-B737-6757F35DCCF7}.Debug|x64.ActiveCfg = Debug|x64
		{8006BFA5-FED7-4011-B737-6757F35DCCF7}.Debug|x64.Build.0 = Debug|x64
		{8006BFA5-FED7-4011-B737-6757F35DCCF7}.Debug|x86.ActiveCfg = Debug|Win32
		{8006BFA5-FED7-4011-B737-6757F35DCCF7}.Debug|x86.Build.0 = Debug|Win32
		{8006BFA5-FED7-4011-B737-6757F35DCCF7}.Release|x64.ActiveCfg = Release|x64
		{8006BFA5-FED7-4011-B737-6757F35DCCF7}.Release|x64.Build.0 = Release|x64
		{8006BFA5-FED7-4011-B737-6757F35DCCF7}.Release|x86.ActiveCfg = Release|Win32
		{8006BFA5-FED7-4011-B737-6757F35DCCF7}.Release|x86.Build.0 = Release|Win32
		{D34F92DA-4DF3-49F8-9D1C-440AB9E38F71}.Debug|x64.ActiveCfg = Debug|x64
		{D34F92DA-4DF3-49F8-9D1C-440AB9E38F71}.Debug|x64.Build.0 = Debug|x64
		{D34F92DA-4DF3-49F8-9D1C-440AB9E38F71}.Debug|x86.ActiveCfg = Debug|Win32
		{D34F92DA-4DF3-49F8-9D1C-440AB9E38F71}.Debug|x86.Build.0 = Debug|Win32
		{D34F92DA-4DF3-49F8-9D1C-440AB9E38F71}.Release|x64.ActiveCfg = Release|x64
		{D34F92DA-4DF3-49F8-9D1C-440AB9E38F71}.Release|x64.Build.0 = Release|x64
		{D34F92DA-4DF3-49F8-9D1C-440AB9E38F71}.Release|x86.ActiveCfg = Release|Win32
		{D34F92DA-4DF3-49F8-9D1C-440AB9E38F71}.Release|x86.Build.0 = Release|Win32
	EndGlobalSection
	GlobalSection(SolutionProperties) = preSolution
		HideSolutionNode = FALSE
	EndGlobalSection
	GlobalSection(ExtensibilityGlobals) = postSolution
		SolutionGuid = {A6B42F12-52E8-42AA-B0C6-7E829DCF8BF8}
	EndGlobalSection
EndGlobal
